
Microsoft Visual Studio Solution File, Format Version 12.00
# Visual Studio Version 17
VisualStudioVersion = 17.7.34031.279
MinimumVisualStudioVersion = 10.0.40219.1
Project("{FAE04EC0-301F-11D3-BF4B-00C04F79EFBC}") = "25. calculate age using user input", "25. calculate age using user input.csproj", "{D29EA85B-0AA5-446E-98A6-10FDF94CBC7E}"
EndProject
Global
	GlobalSection(SolutionConfigurationPlatforms) = preSolution
		Debug|Any CPU = Debug|Any CPU
		Release|Any CPU = Release|Any CPU
	EndGlobalSection
	GlobalSection(ProjectConfigurationPlatforms) = postSolution
		{D29EA85B-0AA5-446E-98A6-10FDF94CBC7E}.Debug|Any CPU.ActiveCfg = Debug|Any CPU
		{D29EA85B-0AA5-446E-98A6-10FDF94CBC7E}.Debug|Any CPU.Build.0 = Debug|Any CPU
		{D29EA85B-0AA5-446E-98A6-10FDF94CBC7E}.Release|Any CPU.ActiveCfg = Release|Any CPU
		{D29EA85B-0AA5-446E-98A6-10FDF94CBC7E}.Release|Any CPU.Build.0 = Release|Any CPU
	EndGlobalSection
	GlobalSection(SolutionProperties) = preSolution
		HideSolutionNode = FALSE
	EndGlobalSection
	GlobalSection(ExtensibilityGlobals) = postSolution
		SolutionGuid = {BFDBFE28-1516-45DA-B94B-A74CB5312456}
	EndGlobalSection
EndGlobal
